// !$*UTF8*$!
{
	archiveVersion = 1;
	classes = {
	};
	objectVersion = 56;
	objects = {

/* Begin PBXBuildFile section */
		8D92809A2BED0D6000967DB7 /* SnapKit in Frameworks */ = {isa = PBXBuildFile; productRef = 8D9280992BED0D6000967DB7 /* SnapKit */; };
		8D92809C2BED0D6000967DB7 /* SnapKit-Dynamic in Frameworks */ = {isa = PBXBuildFile; productRef = 8D92809B2BED0D6000967DB7 /* SnapKit-Dynamic */; };
		8D92809E2BED12E800967DB7 /* searchViewController.swift in Sources */ = {isa = PBXBuildFile; fileRef = 8D92809D2BED12E800967DB7 /* searchViewController.swift */; };
		8D9280A02BED18C800967DB7 /* bookBucketCollectionViewCell.swift in Sources */ = {isa = PBXBuildFile; fileRef = 8D92809F2BED18C800967DB7 /* bookBucketCollectionViewCell.swift */; };
		8DBBCE4A2BEB548600E35EDA /* AppDelegate.swift in Sources */ = {isa = PBXBuildFile; fileRef = 8DBBCE492BEB548600E35EDA /* AppDelegate.swift */; };
		8DBBCE4C2BEB548600E35EDA /* SceneDelegate.swift in Sources */ = {isa = PBXBuildFile; fileRef = 8DBBCE4B2BEB548600E35EDA /* SceneDelegate.swift */; };
		8DBBCE4E2BEB548600E35EDA /* ViewController.swift in Sources */ = {isa = PBXBuildFile; fileRef = 8DBBCE4D2BEB548600E35EDA /* ViewController.swift */; };
		8DBBCE512BEB548600E35EDA /* Base in Resources */ = {isa = PBXBuildFile; fileRef = 8DBBCE502BEB548600E35EDA /* Base */; };
		8DBBCE532BEB548700E35EDA /* Assets.xcassets in Resources */ = {isa = PBXBuildFile; fileRef = 8DBBCE522BEB548700E35EDA /* Assets.xcassets */; };
		8DBBCE562BEB548700E35EDA /* Base in Resources */ = {isa = PBXBuildFile; fileRef = 8DBBCE552BEB548700E35EDA /* Base */; };
/* End PBXBuildFile section */

/* Begin PBXFileReference section */
		8D92809D2BED12E800967DB7 /* searchViewController.swift */ = {isa = PBXFileReference; lastKnownFileType = sourcecode.swift; path = searchViewController.swift; sourceTree = "<group>"; };
		8D92809F2BED18C800967DB7 /* bookBucketCollectionViewCell.swift */ = {isa = PBXFileReference; lastKnownFileType = sourcecode.swift; path = bookBucketCollectionViewCell.swift; sourceTree = "<group>"; };
		8DBBCE462BEB548600E35EDA /* MyBookshelf.app */ = {isa = PBXFileReference; explicitFileType = wrapper.application; includeInIndex = 0; path = MyBookshelf.app; sourceTree = BUILT_PRODUCTS_DIR; };
		8DBBCE492BEB548600E35EDA /* AppDelegate.swift */ = {isa = PBXFileReference; lastKnownFileType = sourcecode.swift; path = AppDelegate.swift; sourceTree = "<group>"; };
		8DBBCE4B2BEB548600E35EDA /* SceneDelegate.swift */ = {isa = PBXFileReference; lastKnownFileType = sourcecode.swift; path = SceneDelegate.swift; sourceTree = "<group>"; };
		8DBBCE4D2BEB548600E35EDA /* ViewController.swift */ = {isa = PBXFileReference; lastKnownFileType = sourcecode.swift; path = ViewController.swift; sourceTree = "<group>"; };
		8DBBCE502BEB548600E35EDA /* Base */ = {isa = PBXFileReference; lastKnownFileType = file.storyboard; name = Base; path = Base.lproj/Main.storyboard; sourceTree = "<group>"; };
		8DBBCE522BEB548700E35EDA /* Assets.xcassets */ = {isa = PBXFileReference; lastKnownFileType = folder.assetcatalog; path = Assets.xcassets; sourceTree = "<group>"; };
		8DBBCE552BEB548700E35EDA /* Base */ = {isa = PBXFileReference; lastKnownFileType = file.storyboard; name = Base; path = Base.lproj/LaunchScreen.storyboard; sourceTree = "<group>"; };
		8DBBCE572BEB548700E35EDA /* Info.plist */ = {isa = PBXFileReference; lastKnownFileType = text.plist.xml; path = Info.plist; sourceTree = "<group>"; };
/* End PBXFileReference section */

/* Begin PBXFrameworksBuildPhase section */
		8DBBCE432BEB548600E35EDA /* Frameworks */ = {
			isa = PBXFrameworksBuildPhase;
			buildActionMask = 2147483647;
			files = (
				8D92809A2BED0D6000967DB7 /* SnapKit in Frameworks */,
				8D92809C2BED0D6000967DB7 /* SnapKit-Dynamic in Frameworks */,
			);
			runOnlyForDeploymentPostprocessing = 0;
		};
/* End PBXFrameworksBuildPhase section */

/* Begin PBXGroup section */
		8DBBCE3D2BEB548600E35EDA = {
			isa = PBXGroup;
			children = (
				8DBBCE482BEB548600E35EDA /* MyBookshelf */,
				8DBBCE472BEB548600E35EDA /* Products */,
			);
			sourceTree = "<group>";
		};
		8DBBCE472BEB548600E35EDA /* Products */ = {
			isa = PBXGroup;
			children = (
				8DBBCE462BEB548600E35EDA /* MyBookshelf.app */,
			);
			name = Products;
			sourceTree = "<group>";
		};
		8DBBCE482BEB548600E35EDA /* MyBookshelf */ = {
			isa = PBXGroup;
			children = (
				8DBBCE492BEB548600E35EDA /* AppDelegate.swift */,
				8DBBCE4B2BEB548600E35EDA /* SceneDelegate.swift */,
				8DBBCE4D2BEB548600E35EDA /* ViewController.swift */,
				8DBBCE4F2BEB548600E35EDA /* Main.storyboard */,
				8DBBCE522BEB548700E35EDA /* Assets.xcassets */,
				8DBBCE542BEB548700E35EDA /* LaunchScreen.storyboard */,
				8DBBCE572BEB548700E35EDA /* Info.plist */,
				8D92809D2BED12E800967DB7 /* searchViewController.swift */,
				8D92809F2BED18C800967DB7 /* bookBucketCollectionViewCell.swift */,
			);
			path = MyBookshelf;
			sourceTree = "<group>";
		};
/* End PBXGroup section */

/* Begin PBXNativeTarget section */
		8DBBCE452BEB548600E35EDA /* MyBookshelf */ = {
			isa = PBXNativeTarget;
			buildConfigurationList = 8DBBCE5A2BEB548700E35EDA /* Build configuration list for PBXNativeTarget "MyBookshelf" */;
			buildPhases = (
				8DBBCE422BEB548600E35EDA /* Sources */,
				8DBBCE432BEB548600E35EDA /* Frameworks */,
				8DBBCE442BEB548600E35EDA /* Resources */,
			);
			buildRules = (
			);
			dependencies = (
			);
			name = MyBookshelf;
			packageProductDependencies = (
				8D9280992BED0D6000967DB7 /* SnapKit */,
				8D92809B2BED0D6000967DB7 /* SnapKit-Dynamic */,
			);
			productName = MyBookshelf;
			productReference = 8DBBCE462BEB548600E35EDA /* MyBookshelf.app */;
			productType = "com.apple.product-type.application";
		};
/* End PBXNativeTarget section */

/* Begin PBXProject section */
		8DBBCE3E2BEB548600E35EDA /* Project object */ = {
			isa = PBXProject;
			attributes = {
				BuildIndependentTargetsInParallel = 1;
				LastSwiftUpdateCheck = 1530;
				LastUpgradeCheck = 1530;
				TargetAttributes = {
					8DBBCE452BEB548600E35EDA = {
						CreatedOnToolsVersion = 15.3;
					};
				};
			};
			buildConfigurationList = 8DBBCE412BEB548600E35EDA /* Build configuration list for PBXProject "MyBookshelf" */;
			compatibilityVersion = "Xcode 14.0";
			developmentRegion = en;
			hasScannedForEncodings = 0;
			knownRegions = (
				en,
				Base,
			);
			mainGroup = 8DBBCE3D2BEB548600E35EDA;
			packageReferences = (
				8D9280982BED0D6000967DB7 /* XCRemoteSwiftPackageReference "SnapKit" */,
			);
			productRefGroup = 8DBBCE472BEB548600E35EDA /* Products */;
			projectDirPath = "";
			projectRoot = "";
			targets = (
				8DBBCE452BEB548600E35EDA /* MyBookshelf */,
			);
		};
/* End PBXProject section */

/* Begin PBXResourcesBuildPhase section */
		8DBBCE442BEB548600E35EDA /* Resources */ = {
			isa = PBXResourcesBuildPhase;
			buildActionMask = 2147483647;
			files = (
				8DBBCE532BEB548700E35EDA /* Assets.xcassets in Resources */,
				8DBBCE562BEB548700E35EDA /* Base in Resources */,
				8DBBCE512BEB548600E35EDA /* Base in Resources */,
			);
			runOnlyForDeploymentPostprocessing = 0;
		};
/* End PBXResourcesBuildPhase section */

/* Begin PBXSourcesBuildPhase section */
		8DBBCE422BEB548600E35EDA /* Sources */ = {
			isa = PBXSourcesBuildPhase;
			buildActionMask = 2147483647;
			files = (
				8DBBCE4E2BEB548600E35EDA /* ViewController.swift in Sources */,
				8DBBCE4A2BEB548600E35EDA /* AppDelegate.swift in Sources */,
				8D92809E2BED12E800967DB7 /* searchViewController.swift in Sources */,
				8DBBCE4C2BEB548600E35EDA /* SceneDelegate.swift in Sources */,
				8D9280A02BED18C800967DB7 /* bookBucketCollectionViewCell.swift in Sources */,
			);
			runOnlyForDeploymentPostprocessing = 0;
		};
/* End PBXSourcesBuildPhase section */

/* Begin PBXVariantGroup section */
		8DBBCE4F2BEB548600E35EDA /* Main.storyboard */ = {
			isa = PBXVariantGroup;
			children = (
				8DBBCE502BEB548600E35EDA /* Base */,
			);
			name = Main.storyboard;
			sourceTree = "<group>";
		};
		8DBBCE542BEB548700E35EDA /* LaunchScreen.storyboard */ = {
			isa = PBXVariantGroup;
			children = (
				8DBBCE552BEB548700E35EDA /* Base */,
			);
			name = LaunchScreen.storyboard;
			sourceTree = "<group>";
		};
/* End PBXVariantGroup section */

/* Begin XCBuildConfiguration section */
		8DBBCE582BEB548700E35EDA /* Debug */ = {
			isa = XCBuildConfiguration;
			buildSettings = {
				ALWAYS_SEARCH_USER_PATHS = NO;
				ASSETCATALOG_COMPILER_GENERATE_SWIFT_ASSET_SYMBOL_EXTENSIONS = YES;
				CLANG_ANALYZER_NONNULL = YES;
				CLANG_ANALYZER_NUMBER_OBJECT_CONVERSION = YES_AGGRESSIVE;
				CLANG_CXX_LANGUAGE_STANDARD = "gnu++20";
				CLANG_ENABLE_MODULES = YES;
				CLANG_ENABLE_OBJC_ARC = YES;
				CLANG_ENABLE_OBJC_WEAK = YES;
				CLANG_WARN_BLOCK_CAPTURE_AUTORELEASING = YES;
				CLANG_WARN_BOOL_CONVERSION = YES;
				CLANG_WARN_COMMA = YES;
				CLANG_WARN_CONSTANT_CONVERSION = YES;
				CLANG_WARN_DEPRECATED_OBJC_IMPLEMENTATIONS = YES;
				CLANG_WARN_DIRECT_OBJC_ISA_USAGE = YES_ERROR;
				CLANG_WARN_DOCUMENTATION_COMMENTS = YES;
				CLANG_WARN_EMPTY_BODY = YES;
				CLANG_WARN_ENUM_CONVERSION = YES;
				CLANG_WARN_INFINITE_RECURSION = YES;
				CLANG_WARN_INT_CONVERSION = YES;
				CLANG_WARN_NON_LITERAL_NULL_CONVERSION = YES;
				CLANG_WARN_OBJC_IMPLICIT_RETAIN_SELF = YES;
				CLANG_WARN_OBJC_LITERAL_CONVERSION = YES;
				CLANG_WARN_OBJC_ROOT_CLASS = YES_ERROR;
				CLANG_WARN_QUOTED_INCLUDE_IN_FRAMEWORK_HEADER = YES;
				CLANG_WARN_RANGE_LOOP_ANALYSIS = YES;
				CLANG_WARN_STRICT_PROTOTYPES = YES;
				CLANG_WARN_SUSPICIOUS_MOVE = YES;
				CLANG_WARN_UNGUARDED_AVAILABILITY = YES_AGGRESSIVE;
				CLANG_WARN_UNREACHABLE_CODE = YES;
				CLANG_WARN__DUPLICATE_METHOD_MATCH = YES;
				COPY_PHASE_STRIP = NO;
				DEBUG_INFORMATION_FORMAT = dwarf;
				ENABLE_STRICT_OBJC_MSGSEND = YES;
				ENABLE_TESTABILITY = YES;
				ENABLE_USER_SCRIPT_SANDBOXING = YES;
				GCC_C_LANGUAGE_STANDARD = gnu17;
				GCC_DYNAMIC_NO_PIC = NO;
				GCC_NO_COMMON_BLOCKS = YES;
				GCC_OPTIMIZATION_LEVEL = 0;
				GCC_PREPROCESSOR_DEFINITIONS = (
					"DEBUG=1",
					"$(inherited)",
				);
				GCC_WARN_64_TO_32_BIT_CONVERSION = YES;
				GCC_WARN_ABOUT_RETURN_TYPE = YES_ERROR;
				GCC_WARN_UNDECLARED_SELECTOR = YES;
				GCC_WARN_UNINITIALIZED_AUTOS = YES_AGGRESSIVE;
				GCC_WARN_UNUSED_FUNCTION = YES;
				GCC_WARN_UNUSED_VARIABLE = YES;
				IPHONEOS_DEPLOYMENT_TARGET = 17.4;
				LOCALIZATION_PREFERS_STRING_CATALOGS = YES;
				MTL_ENABLE_DEBUG_INFO = INCLUDE_SOURCE;
				MTL_FAST_MATH = YES;
				ONLY_ACTIVE_ARCH = YES;
				SDKROOT = iphoneos;
				SWIFT_ACTIVE_COMPILATION_CONDITIONS = "DEBUG $(inherited)";
				SWIFT_OPTIMIZATION_LEVEL = "-Onone";
			};
			name = Debug;
		};
		8DBBCE592BEB548700E35EDA /* Release */ = {
			isa = XCBuildConfiguration;
			buildSettings = {
				ALWAYS_SEARCH_USER_PATHS = NO;
				ASSETCATALOG_COMPILER_GENERATE_SWIFT_ASSET_SYMBOL_EXTENSIONS = YES;
				CLANG_ANALYZER_NONNULL = YES;
				CLANG_ANALYZER_NUMBER_OBJECT_CONVERSION = YES_AGGRESSIVE;
				CLANG_CXX_LANGUAGE_STANDARD = "gnu++20";
				CLANG_ENABLE_MODULES = YES;
				CLANG_ENABLE_OBJC_ARC = YES;
				CLANG_ENABLE_OBJC_WEAK = YES;
				CLANG_WARN_BLOCK_CAPTURE_AUTORELEASING = YES;
				CLANG_WARN_BOOL_CONVERSION = YES;
				CLANG_WARN_COMMA = YES;
				CLANG_WARN_CONSTANT_CONVERSION = YES;
				CLANG_WARN_DEPRECATED_OBJC_IMPLEMENTATIONS = YES;
				CLANG_WARN_DIRECT_OBJC_ISA_USAGE = YES_ERROR;
				CLANG_WARN_DOCUMENTATION_COMMENTS = YES;
				CLANG_WARN_EMPTY_BODY = YES;
				CLANG_WARN_ENUM_CONVERSION = YES;
				CLANG_WARN_INFINITE_RECURSION = YES;
				CLANG_WARN_INT_CONVERSION = YES;
				CLANG_WARN_NON_LITERAL_NULL_CONVERSION = YES;
				CLANG_WARN_OBJC_IMPLICIT_RETAIN_SELF = YES;
				CLANG_WARN_OBJC_LITERAL_CONVERSION = YES;
				CLANG_WARN_OBJC_ROOT_CLASS = YES_ERROR;
				CLANG_WARN_QUOTED_INCLUDE_IN_FRAMEWORK_HEADER = YES;
				CLANG_WARN_RANGE_LOOP_ANALYSIS = YES;
				CLANG_WARN_STRICT_PROTOTYPES = YES;
				CLANG_WARN_SUSPICIOUS_MOVE = YES;
				CLANG_WARN_UNGUARDED_AVAILABILITY = YES_AGGRESSIVE;
				CLANG_WARN_UNREACHABLE_CODE = YES;
				CLANG_WARN__DUPLICATE_METHOD_MATCH = YES;
				COPY_PHASE_STRIP = NO;
				DEBUG_INFORMATION_FORMAT = "dwarf-with-dsym";
				ENABLE_NS_ASSERTIONS = NO;
				ENABLE_STRICT_OBJC_MSGSEND = YES;
				ENABLE_USER_SCRIPT_SANDBOXING = YES;
				GCC_C_LANGUAGE_STANDARD = gnu17;
				GCC_NO_COMMON_BLOCKS = YES;
				GCC_WARN_64_TO_32_BIT_CONVERSION = YES;
				GCC_WARN_ABOUT_RETURN_TYPE = YES_ERROR;
				GCC_WARN_UNDECLARED_SELECTOR = YES;
				GCC_WARN_UNINITIALIZED_AUTOS = YES_AGGRESSIVE;
				GCC_WARN_UNUSED_FUNCTION = YES;
				GCC_WARN_UNUSED_VARIABLE = YES;
				IPHONEOS_DEPLOYMENT_TARGET = 17.4;
				LOCALIZATION_PREFERS_STRING_CATALOGS = YES;
				MTL_ENABLE_DEBUG_INFO = NO;
				MTL_FAST_MATH = YES;
				SDKROOT = iphoneos;
				SWIFT_COMPILATION_MODE = wholemodule;
				VALIDATE_PRODUCT = YES;
			};
			name = Release;
		};
		8DBBCE5B2BEB548700E35EDA /* Debug */ = {
			isa = XCBuildConfiguration;
			buildSettings = {
				ASSETCATALOG_COMPILER_APPICON_NAME = AppIcon;
				ASSETCATALOG_COMPILER_GLOBAL_ACCENT_COLOR_NAME = AccentColor;
				CODE_SIGN_STYLE = Automatic;
				CURRENT_PROJECT_VERSION = 1;
				GENERATE_INFOPLIST_FILE = YES;
				INFOPLIST_FILE = MyBookshelf/Info.plist;
				INFOPLIST_KEY_UIApplicationSupportsIndirectInputEvents = YES;
				INFOPLIST_KEY_UILaunchStoryboardName = LaunchScreen;
				INFOPLIST_KEY_UIMainStoryboardFile = Main;
				INFOPLIST_KEY_UISupportedInterfaceOrientations_iPad = "UIInterfaceOrientationPortrait UIInterfaceOrientationPortraitUpsideDown UIInterfaceOrientationLandscapeLeft UIInterfaceOrientationLandscapeRight";
				INFOPLIST_KEY_UISupportedInterfaceOrientations_iPhone = "UIInterfaceOrientationPortrait UIInterfaceOrientationLandscapeLeft UIInterfaceOrientationLandscapeRight";
				LD_RUNPATH_SEARCH_PATHS = (
					"$(inherited)",
					"@executable_path/Frameworks",
				);
				MARKETING_VERSION = 1.0;
				PRODUCT_BUNDLE_IDENTIFIER = com.task.MyBookshelf;
				PRODUCT_NAME = "$(TARGET_NAME)";
				SWIFT_EMIT_LOC_STRINGS = YES;
				SWIFT_VERSION = 5.0;
				TARGETED_DEVICE_FAMILY = "1,2";
			};
			name = Debug;
		};
		8DBBCE5C2BEB548700E35EDA /* Release */ = {
			isa = XCBuildConfiguration;
			buildSettings = {
				ASSETCATALOG_COMPILER_APPICON_NAME = AppIcon;
				ASSETCATALOG_COMPILER_GLOBAL_ACCENT_COLOR_NAME = AccentColor;
				CODE_SIGN_STYLE = Automatic;
				CURRENT_PROJECT_VERSION = 1;
				GENERATE_INFOPLIST_FILE = YES;
				INFOPLIST_FILE = MyBookshelf/Info.plist;
				INFOPLIST_KEY_UIApplicationSupportsIndirectInputEvents = YES;
				INFOPLIST_KEY_UILaunchStoryboardName = LaunchScreen;
				INFOPLIST_KEY_UIMainStoryboardFile = Main;
				INFOPLIST_KEY_UISupportedInterfaceOrientations_iPad = "UIInterfaceOrientationPortrait UIInterfaceOrientationPortraitUpsideDown UIInterfaceOrientationLandscapeLeft UIInterfaceOrientationLandscapeRight";
				INFOPLIST_KEY_UISupportedInterfaceOrientations_iPhone = "UIInterfaceOrientationPortrait UIInterfaceOrientationLandscapeLeft UIInterfaceOrientationLandscapeRight";
				LD_RUNPATH_SEARCH_PATHS = (
					"$(inherited)",
					"@executable_path/Frameworks",
				);
				MARKETING_VERSION = 1.0;
				PRODUCT_BUNDLE_IDENTIFIER = com.task.MyBookshelf;
				PRODUCT_NAME = "$(TARGET_NAME)";
				SWIFT_EMIT_LOC_STRINGS = YES;
				SWIFT_VERSION = 5.0;
				TARGETED_DEVICE_FAMILY = "1,2";
			};
			name = Release;
		};
/* End XCBuildConfiguration section */

/* Begin XCConfigurationList section */
		8DBBCE412BEB548600E35EDA /* Build configuration list for PBXProject "MyBookshelf" */ = {
			isa = XCConfigurationList;
			buildConfigurations = (
				8DBBCE582BEB548700E35EDA /* Debug */,
				8DBBCE592BEB548700E35EDA /* Release */,
			);
			defaultConfigurationIsVisible = 0;
			defaultConfigurationName = Release;
		};
		8DBBCE5A2BEB548700E35EDA /* Build configuration list for PBXNativeTarget "MyBookshelf" */ = {
			isa = XCConfigurationList;
			buildConfigurations = (
				8DBBCE5B2BEB548700E35EDA /* Debug */,
				8DBBCE5C2BEB548700E35EDA /* Release */,
			);
			defaultConfigurationIsVisible = 0;
			defaultConfigurationName = Release;
		};
/* End XCConfigurationList section */

/* Begin XCRemoteSwiftPackageReference section */
		8D9280982BED0D6000967DB7 /* XCRemoteSwiftPackageReference "SnapKit" */ = {
			isa = XCRemoteSwiftPackageReference;
			repositoryURL = "https://github.com/SnapKit/SnapKit.git";
			requirement = {
				kind = upToNextMajorVersion;
				minimumVersion = 5.7.1;
			};
		};
/* End XCRemoteSwiftPackageReference section */

/* Begin XCSwiftPackageProductDependency section */
		8D9280992BED0D6000967DB7 /* SnapKit */ = {
			isa = XCSwiftPackageProductDependency;
			package = 8D9280982BED0D6000967DB7 /* XCRemoteSwiftPackageReference "SnapKit" */;
			productName = SnapKit;
		};
		8D92809B2BED0D6000967DB7 /* SnapKit-Dynamic */ = {
			isa = XCSwiftPackageProductDependency;
			package = 8D9280982BED0D6000967DB7 /* XCRemoteSwiftPackageReference "SnapKit" */;
			productName = "SnapKit-Dynamic";
		};
/* End XCSwiftPackageProductDependency section */
	};
	rootObject = 8DBBCE3E2BEB548600E35EDA /* Project object */;
}
